
Microsoft Visual Studio Solution File, Format Version 12.00
# Visual Studio Version 17
VisualStudioVersion = 17.7.33808.371
MinimumVisualStudioVersion = 10.0.40219.1
Project("{FAE04EC0-301F-11D3-BF4B-00C04F79EFBC}") = "CasgemTravel", "CasgemTravel\CasgemTravel.csproj", "{0221CB13-3B61-48D0-B9CC-EC53CF45CC58}"
EndProject
Global
	GlobalSection(SolutionConfigurationPlatforms) = preSolution
		Debug|Any CPU = Debug|Any CPU
		Release|Any CPU = Release|Any CPU
	EndGlobalSection
	GlobalSection(ProjectConfigurationPlatforms) = postSolution
		{0221CB13-3B61-48D0-B9CC-EC53CF45CC58}.Debug|Any CPU.ActiveCfg = Debug|Any CPU
		{0221CB13-3B61-48D0-B9CC-EC53CF45CC58}.Debug|Any CPU.Build.0 = Debug|Any CPU
		{0221CB13-3B61-48D0-B9CC-EC53CF45CC58}.Release|Any CPU.ActiveCfg = Release|Any CPU
		{0221CB13-3B61-48D0-B9CC-EC53CF45CC58}.Release|Any CPU.Build.0 = Release|Any CPU
	EndGlobalSection
	GlobalSection(SolutionProperties) = preSolution
		HideSolutionNode = FALSE
	EndGlobalSection
	GlobalSection(ExtensibilityGlobals) = postSolution
		SolutionGuid = {2B004C3A-0CA0-425C-88D5-75F531F44D24}
	EndGlobalSection
EndGlobal
